
Microsoft Visual Studio Solution File, Format Version 12.00
# Visual Studio 15
VisualStudioVersion = 15.0.27428.2037
MinimumVisualStudioVersion = 10.0.40219.1
Project("{F184B08F-C81C-45F6-A57F-5ABD9991F28F}") = "MyAudiobooks", "MyAudiobooks\MyAudiobooks.vbproj", "{B7A0E7F6-046C-42B5-A709-4CF461D11D69}"
EndProject
Global
	GlobalSection(SolutionConfigurationPlatforms) = preSolution
		Debug|Any CPU = Debug|Any CPU
		Release|Any CPU = Release|Any CPU
	EndGlobalSection
	GlobalSection(ProjectConfigurationPlatforms) = postSolution
		{B7A0E7F6-046C-42B5-A709-4CF461D11D69}.Debug|Any CPU.ActiveCfg = Debug|Any CPU
		{B7A0E7F6-046C-42B5-A709-4CF461D11D69}.Debug|Any CPU.Build.0 = Debug|Any CPU
		{B7A0E7F6-046C-42B5-A709-4CF461D11D69}.Release|Any CPU.ActiveCfg = Release|Any CPU
		{B7A0E7F6-046C-42B5-A709-4CF461D11D69}.Release|Any CPU.Build.0 = Release|Any CPU
	EndGlobalSection
	GlobalSection(SolutionProperties) = preSolution
		HideSolutionNode = FALSE
	EndGlobalSection
	GlobalSection(ExtensibilityGlobals) = postSolution
		SolutionGuid = {542E5539-C084-41D3-8D1A-219AF0AB1C51}
	EndGlobalSection
EndGlobal
